
Microsoft Visual Studio Solution File, Format Version 12.00
Project("{FAE04EC0-301F-11D3-BF4B-00C04F79EFBC}") = "RoboRescue.Domain", "RoboRescue.Domain\RoboRescue.Domain.csproj", "{C5EE19B0-2D09-4BDE-8DA8-08AACA44F3E6}"
EndProject
Project("{2150E333-8FDC-42A3-9474-1A3956D46DE8}") = "src", "src", "{A45E06BF-BB08-4762-996A-0A9680FFAABF}"
EndProject
Project("{FAE04EC0-301F-11D3-BF4B-00C04F79EFBC}") = "RoboRescue.Application", "RoboRescue.Application\RoboRescue.Application.csproj", "{6F47EDBE-3472-43D7-8270-A3C74E9AD34B}"
EndProject
Project("{FAE04EC0-301F-11D3-BF4B-00C04F79EFBC}") = "RoboRescue.Infrastructure", "RoboRescue.Infrastructure\RoboRescue.Infrastructure.csproj", "{85FCA646-A847-415A-9EEC-64E447AB0CD9}"
EndProject
Project("{FAE04EC0-301F-11D3-BF4B-00C04F79EFBC}") = "RoboRescue.Api", "RoboRescue.Api\RoboRescue.Api.csproj", "{C9FC9AAB-4E94-4821-A2AD-C3408F981E87}"
EndProject
Global
	GlobalSection(SolutionConfigurationPlatforms) = preSolution
		Debug|Any CPU = Debug|Any CPU
		Release|Any CPU = Release|Any CPU
	EndGlobalSection
	GlobalSection(ProjectConfigurationPlatforms) = postSolution
		{C5EE19B0-2D09-4BDE-8DA8-08AACA44F3E6}.Debug|Any CPU.ActiveCfg = Debug|Any CPU
		{C5EE19B0-2D09-4BDE-8DA8-08AACA44F3E6}.Debug|Any CPU.Build.0 = Debug|Any CPU
		{C5EE19B0-2D09-4BDE-8DA8-08AACA44F3E6}.Release|Any CPU.ActiveCfg = Release|Any CPU
		{C5EE19B0-2D09-4BDE-8DA8-08AACA44F3E6}.Release|Any CPU.Build.0 = Release|Any CPU
		{6F47EDBE-3472-43D7-8270-A3C74E9AD34B}.Debug|Any CPU.ActiveCfg = Debug|Any CPU
		{6F47EDBE-3472-43D7-8270-A3C74E9AD34B}.Debug|Any CPU.Build.0 = Debug|Any CPU
		{6F47EDBE-3472-43D7-8270-A3C74E9AD34B}.Release|Any CPU.ActiveCfg = Release|Any CPU
		{6F47EDBE-3472-43D7-8270-A3C74E9AD34B}.Release|Any CPU.Build.0 = Release|Any CPU
		{85FCA646-A847-415A-9EEC-64E447AB0CD9}.Debug|Any CPU.ActiveCfg = Debug|Any CPU
		{85FCA646-A847-415A-9EEC-64E447AB0CD9}.Debug|Any CPU.Build.0 = Debug|Any CPU
		{85FCA646-A847-415A-9EEC-64E447AB0CD9}.Release|Any CPU.ActiveCfg = Release|Any CPU
		{85FCA646-A847-415A-9EEC-64E447AB0CD9}.Release|Any CPU.Build.0 = Release|Any CPU
		{C9FC9AAB-4E94-4821-A2AD-C3408F981E87}.Debug|Any CPU.ActiveCfg = Debug|Any CPU
		{C9FC9AAB-4E94-4821-A2AD-C3408F981E87}.Debug|Any CPU.Build.0 = Debug|Any CPU
		{C9FC9AAB-4E94-4821-A2AD-C3408F981E87}.Release|Any CPU.ActiveCfg = Release|Any CPU
		{C9FC9AAB-4E94-4821-A2AD-C3408F981E87}.Release|Any CPU.Build.0 = Release|Any CPU
	EndGlobalSection
	GlobalSection(NestedProjects) = preSolution
		{C5EE19B0-2D09-4BDE-8DA8-08AACA44F3E6} = {A45E06BF-BB08-4762-996A-0A9680FFAABF}
		{6F47EDBE-3472-43D7-8270-A3C74E9AD34B} = {A45E06BF-BB08-4762-996A-0A9680FFAABF}
		{85FCA646-A847-415A-9EEC-64E447AB0CD9} = {A45E06BF-BB08-4762-996A-0A9680FFAABF}
		{C9FC9AAB-4E94-4821-A2AD-C3408F981E87} = {A45E06BF-BB08-4762-996A-0A9680FFAABF}
	EndGlobalSection
EndGlobal
